
Microsoft Visual Studio Solution File, Format Version 12.00
# Visual Studio Version 17
VisualStudioVersion = 17.5.002.0
MinimumVisualStudioVersion = 10.0.40219.1
Project("{9A19103F-16F7-4668-BE54-9A1E7A4F7556}") = "ReservationSystem", "ReservationSystem\ReservationSystem.csproj", "{620CBE60-BF8F-442C-B783-66B02098CEF1}"
EndProject
Project("{2150E333-8FDC-42A3-9474-1A3956D46DE8}") = "MuseumTesting", "MuseumTesting", "{C989E288-449E-4AF0-AE6C-2516B0B6635F}"
EndProject
Project("{FAE04EC0-301F-11D3-BF4B-00C04F79EFBC}") = "VisitorTesting", "MuseumTesting\VisitorTesting\VisitorTesting.csproj", "{21B40A72-6AD1-45DD-AAF4-98FA7B2D76AC}"
EndProject
Global
	GlobalSection(SolutionConfigurationPlatforms) = preSolution
		Debug|Any CPU = Debug|Any CPU
		Release|Any CPU = Release|Any CPU
	EndGlobalSection
	GlobalSection(ProjectConfigurationPlatforms) = postSolution
		{620CBE60-BF8F-442C-B783-66B02098CEF1}.Debug|Any CPU.ActiveCfg = Debug|Any CPU
		{620CBE60-BF8F-442C-B783-66B02098CEF1}.Debug|Any CPU.Build.0 = Debug|Any CPU
		{620CBE60-BF8F-442C-B783-66B02098CEF1}.Release|Any CPU.ActiveCfg = Release|Any CPU
		{620CBE60-BF8F-442C-B783-66B02098CEF1}.Release|Any CPU.Build.0 = Release|Any CPU
		{21B40A72-6AD1-45DD-AAF4-98FA7B2D76AC}.Debug|Any CPU.ActiveCfg = Debug|Any CPU
		{21B40A72-6AD1-45DD-AAF4-98FA7B2D76AC}.Debug|Any CPU.Build.0 = Debug|Any CPU
		{21B40A72-6AD1-45DD-AAF4-98FA7B2D76AC}.Release|Any CPU.ActiveCfg = Release|Any CPU
		{21B40A72-6AD1-45DD-AAF4-98FA7B2D76AC}.Release|Any CPU.Build.0 = Release|Any CPU
	EndGlobalSection
	GlobalSection(SolutionProperties) = preSolution
		HideSolutionNode = FALSE
	EndGlobalSection
	GlobalSection(ExtensibilityGlobals) = postSolution
		SolutionGuid = {4987FC4F-2838-4A3E-89B6-6BB892B480AB}
	EndGlobalSection
	GlobalSection(NestedProjects) = preSolution
		{21B40A72-6AD1-45DD-AAF4-98FA7B2D76AC} = {C989E288-449E-4AF0-AE6C-2516B0B6635F}
	EndGlobalSection
EndGlobal
