
Microsoft Visual Studio Solution File, Format Version 12.00
# Visual Studio Version 17
VisualStudioVersion = 17.5.002.0
MinimumVisualStudioVersion = 10.0.40219.1
Project("{9A19103F-16F7-4668-BE54-9A1E7A4F7556}") = "MuseumTesting", "MuseumTesting\MuseumTesting.csproj", "{76EE3102-79D7-44D3-9C18-51911ECDA504}"
EndProject
Project("{9A19103F-16F7-4668-BE54-9A1E7A4F7556}") = "ReservationSystem", "ReservationSystem\ReservationSystem.csproj", "{5245DDEC-1891-4E90-BCE6-6D74F1B739C3}"
EndProject
Project("{2150E333-8FDC-42A3-9474-1A3956D46DE8}") = "MuseumTesting (1)", "MuseumTesting", "{4D6A7F02-BCB9-42C9-9142-16349B508FE3}"
EndProject
Project("{2150E333-8FDC-42A3-9474-1A3956D46DE8}") = "bin", "bin", "{CC83137A-A3E8-435F-9017-2A4C4CA29E1C}"
EndProject
Project("{2150E333-8FDC-42A3-9474-1A3956D46DE8}") = "Debug", "Debug", "{967B0B34-C5B8-4D85-B806-9E9EFAD32544}"
EndProject
Project("{9A19103F-16F7-4668-BE54-9A1E7A4F7556}") = "ReservationSystem", "MuseumTesting\bin\Debug\net7.0\ReservationSystem.csproj", "{D1EE1BBB-2371-4343-AE97-7CDB38B23DB6}"
EndProject
Project("{2150E333-8FDC-42A3-9474-1A3956D46DE8}") = "ReservationSystem (1)", "ReservationSystem", "{9E7C26D4-75D0-4C42-95C1-B85DD1EC5D04}"
EndProject
Project("{2150E333-8FDC-42A3-9474-1A3956D46DE8}") = "bin", "bin", "{04DB6927-4B87-4955-98C1-BA5F18125377}"
EndProject
Project("{2150E333-8FDC-42A3-9474-1A3956D46DE8}") = "Debug", "Debug", "{C84E97FC-C85F-41B9-9E4A-86E903836491}"
EndProject
Project("{9A19103F-16F7-4668-BE54-9A1E7A4F7556}") = "ReservationSystem", "ReservationSystem\bin\Debug\net7.0\ReservationSystem.csproj", "{2B047D70-2CFD-4860-803E-39E2E8900326}"
EndProject
Global
	GlobalSection(SolutionConfigurationPlatforms) = preSolution
		Debug|Any CPU = Debug|Any CPU
		Release|Any CPU = Release|Any CPU
	EndGlobalSection
	GlobalSection(ProjectConfigurationPlatforms) = postSolution
		{76EE3102-79D7-44D3-9C18-51911ECDA504}.Debug|Any CPU.ActiveCfg = Debug|Any CPU
		{76EE3102-79D7-44D3-9C18-51911ECDA504}.Debug|Any CPU.Build.0 = Debug|Any CPU
		{76EE3102-79D7-44D3-9C18-51911ECDA504}.Release|Any CPU.ActiveCfg = Release|Any CPU
		{76EE3102-79D7-44D3-9C18-51911ECDA504}.Release|Any CPU.Build.0 = Release|Any CPU
		{5245DDEC-1891-4E90-BCE6-6D74F1B739C3}.Debug|Any CPU.ActiveCfg = Debug|Any CPU
		{5245DDEC-1891-4E90-BCE6-6D74F1B739C3}.Debug|Any CPU.Build.0 = Debug|Any CPU
		{5245DDEC-1891-4E90-BCE6-6D74F1B739C3}.Release|Any CPU.ActiveCfg = Release|Any CPU
		{5245DDEC-1891-4E90-BCE6-6D74F1B739C3}.Release|Any CPU.Build.0 = Release|Any CPU
		{D1EE1BBB-2371-4343-AE97-7CDB38B23DB6}.Debug|Any CPU.ActiveCfg = Debug|Any CPU
		{D1EE1BBB-2371-4343-AE97-7CDB38B23DB6}.Debug|Any CPU.Build.0 = Debug|Any CPU
		{D1EE1BBB-2371-4343-AE97-7CDB38B23DB6}.Release|Any CPU.ActiveCfg = Release|Any CPU
		{D1EE1BBB-2371-4343-AE97-7CDB38B23DB6}.Release|Any CPU.Build.0 = Release|Any CPU
		{2B047D70-2CFD-4860-803E-39E2E8900326}.Debug|Any CPU.ActiveCfg = Debug|Any CPU
		{2B047D70-2CFD-4860-803E-39E2E8900326}.Debug|Any CPU.Build.0 = Debug|Any CPU
		{2B047D70-2CFD-4860-803E-39E2E8900326}.Release|Any CPU.ActiveCfg = Release|Any CPU
		{2B047D70-2CFD-4860-803E-39E2E8900326}.Release|Any CPU.Build.0 = Release|Any CPU
	EndGlobalSection
	GlobalSection(SolutionProperties) = preSolution
		HideSolutionNode = FALSE
	EndGlobalSection
	GlobalSection(NestedProjects) = preSolution
		{CC83137A-A3E8-435F-9017-2A4C4CA29E1C} = {4D6A7F02-BCB9-42C9-9142-16349B508FE3}
		{967B0B34-C5B8-4D85-B806-9E9EFAD32544} = {CC83137A-A3E8-435F-9017-2A4C4CA29E1C}
		{D1EE1BBB-2371-4343-AE97-7CDB38B23DB6} = {967B0B34-C5B8-4D85-B806-9E9EFAD32544}
		{04DB6927-4B87-4955-98C1-BA5F18125377} = {9E7C26D4-75D0-4C42-95C1-B85DD1EC5D04}
		{C84E97FC-C85F-41B9-9E4A-86E903836491} = {04DB6927-4B87-4955-98C1-BA5F18125377}
		{2B047D70-2CFD-4860-803E-39E2E8900326} = {C84E97FC-C85F-41B9-9E4A-86E903836491}
	EndGlobalSection
	GlobalSection(ExtensibilityGlobals) = postSolution
		SolutionGuid = {9D7E650A-CDAE-4C09-993A-6F8974B77DB7}
	EndGlobalSection
EndGlobal
