
Microsoft Visual Studio Solution File, Format Version 12.00
# Visual Studio Version 17
VisualStudioVersion = 17.5.002.0
MinimumVisualStudioVersion = 10.0.40219.1
Project("{9A19103F-16F7-4668-BE54-9A1E7A4F7556}") = "MuseumTesting", "MuseumTesting\MuseumTesting.csproj", "{F5AED0B0-B5D4-47AD-9C41-2AECEBC723E6}"
EndProject
Project("{9A19103F-16F7-4668-BE54-9A1E7A4F7556}") = "ReservationSystem", "ReservationSystem\ReservationSystem.csproj", "{5890BC78-43E0-4B9A-B5EA-18E602D93757}"
EndProject
Project("{2150E333-8FDC-42A3-9474-1A3956D46DE8}") = "MuseumTesting (1)", "MuseumTesting", "{23111074-ED86-4499-AA59-448E777C8D16}"
EndProject
Project("{2150E333-8FDC-42A3-9474-1A3956D46DE8}") = "bin", "bin", "{6AE94D3D-7D88-4B61-A5AE-A9BD67AAC596}"
EndProject
Project("{2150E333-8FDC-42A3-9474-1A3956D46DE8}") = "Debug", "Debug", "{D678E145-1499-4EAA-A25B-5043309E789B}"
EndProject
Project("{9A19103F-16F7-4668-BE54-9A1E7A4F7556}") = "ReservationSystem", "MuseumTesting\bin\Debug\net7.0\ReservationSystem.csproj", "{EE50044C-FD78-4DA7-A691-4BC286B86FC9}"
EndProject
Project("{2150E333-8FDC-42A3-9474-1A3956D46DE8}") = "ReservationSystem (1)", "ReservationSystem", "{D8D3435B-1900-40E7-891D-0A6061B08549}"
EndProject
Project("{2150E333-8FDC-42A3-9474-1A3956D46DE8}") = "bin", "bin", "{E63EED3B-0CF6-4E95-8500-34FB556F1FCE}"
EndProject
Project("{2150E333-8FDC-42A3-9474-1A3956D46DE8}") = "Debug", "Debug", "{5C3D1D67-535A-404D-B19A-F8FEB1BC3B27}"
EndProject
Project("{9A19103F-16F7-4668-BE54-9A1E7A4F7556}") = "ReservationSystem", "ReservationSystem\bin\Debug\net7.0\ReservationSystem.csproj", "{F65CBAC1-FC1F-42F9-8A5B-4E04923F45AA}"
EndProject
Global
	GlobalSection(SolutionConfigurationPlatforms) = preSolution
		Debug|Any CPU = Debug|Any CPU
		Release|Any CPU = Release|Any CPU
	EndGlobalSection
	GlobalSection(ProjectConfigurationPlatforms) = postSolution
		{F5AED0B0-B5D4-47AD-9C41-2AECEBC723E6}.Debug|Any CPU.ActiveCfg = Debug|Any CPU
		{F5AED0B0-B5D4-47AD-9C41-2AECEBC723E6}.Debug|Any CPU.Build.0 = Debug|Any CPU
		{F5AED0B0-B5D4-47AD-9C41-2AECEBC723E6}.Release|Any CPU.ActiveCfg = Release|Any CPU
		{F5AED0B0-B5D4-47AD-9C41-2AECEBC723E6}.Release|Any CPU.Build.0 = Release|Any CPU
		{5890BC78-43E0-4B9A-B5EA-18E602D93757}.Debug|Any CPU.ActiveCfg = Debug|Any CPU
		{5890BC78-43E0-4B9A-B5EA-18E602D93757}.Debug|Any CPU.Build.0 = Debug|Any CPU
		{5890BC78-43E0-4B9A-B5EA-18E602D93757}.Release|Any CPU.ActiveCfg = Release|Any CPU
		{5890BC78-43E0-4B9A-B5EA-18E602D93757}.Release|Any CPU.Build.0 = Release|Any CPU
		{EE50044C-FD78-4DA7-A691-4BC286B86FC9}.Debug|Any CPU.ActiveCfg = Debug|Any CPU
		{EE50044C-FD78-4DA7-A691-4BC286B86FC9}.Debug|Any CPU.Build.0 = Debug|Any CPU
		{EE50044C-FD78-4DA7-A691-4BC286B86FC9}.Release|Any CPU.ActiveCfg = Release|Any CPU
		{EE50044C-FD78-4DA7-A691-4BC286B86FC9}.Release|Any CPU.Build.0 = Release|Any CPU
		{F65CBAC1-FC1F-42F9-8A5B-4E04923F45AA}.Debug|Any CPU.ActiveCfg = Debug|Any CPU
		{F65CBAC1-FC1F-42F9-8A5B-4E04923F45AA}.Debug|Any CPU.Build.0 = Debug|Any CPU
		{F65CBAC1-FC1F-42F9-8A5B-4E04923F45AA}.Release|Any CPU.ActiveCfg = Release|Any CPU
		{F65CBAC1-FC1F-42F9-8A5B-4E04923F45AA}.Release|Any CPU.Build.0 = Release|Any CPU
	EndGlobalSection
	GlobalSection(SolutionProperties) = preSolution
		HideSolutionNode = FALSE
	EndGlobalSection
	GlobalSection(NestedProjects) = preSolution
		{6AE94D3D-7D88-4B61-A5AE-A9BD67AAC596} = {23111074-ED86-4499-AA59-448E777C8D16}
		{D678E145-1499-4EAA-A25B-5043309E789B} = {6AE94D3D-7D88-4B61-A5AE-A9BD67AAC596}
		{EE50044C-FD78-4DA7-A691-4BC286B86FC9} = {D678E145-1499-4EAA-A25B-5043309E789B}
		{E63EED3B-0CF6-4E95-8500-34FB556F1FCE} = {D8D3435B-1900-40E7-891D-0A6061B08549}
		{5C3D1D67-535A-404D-B19A-F8FEB1BC3B27} = {E63EED3B-0CF6-4E95-8500-34FB556F1FCE}
		{F65CBAC1-FC1F-42F9-8A5B-4E04923F45AA} = {5C3D1D67-535A-404D-B19A-F8FEB1BC3B27}
	EndGlobalSection
	GlobalSection(ExtensibilityGlobals) = postSolution
		SolutionGuid = {771D3A33-EE4F-413C-AED6-3B545B497A99}
	EndGlobalSection
EndGlobal
